
Microsoft Visual Studio Solution File, Format Version 12.00
# Visual Studio 15
VisualStudioVersion = 15.0.28307.1585
MinimumVisualStudioVersion = 10.0.40219.1
Project("{FAE04EC0-301F-11D3-BF4B-00C04F79EFBC}") = "Fed1StudioProject2", "Fed1StudioProject2\Fed1StudioProject2.csproj", "{D911F777-9932-4753-BCC1-AE7A72EC64CA}"
EndProject
Global
	GlobalSection(SolutionConfigurationPlatforms) = preSolution
		Debug|Any CPU = Debug|Any CPU
		Release|Any CPU = Release|Any CPU
	EndGlobalSection
	GlobalSection(ProjectConfigurationPlatforms) = postSolution
		{D911F777-9932-4753-BCC1-AE7A72EC64CA}.Debug|Any CPU.ActiveCfg = Debug|Any CPU
		{D911F777-9932-4753-BCC1-AE7A72EC64CA}.Debug|Any CPU.Build.0 = Debug|Any CPU
		{D911F777-9932-4753-BCC1-AE7A72EC64CA}.Release|Any CPU.ActiveCfg = Release|Any CPU
		{D911F777-9932-4753-BCC1-AE7A72EC64CA}.Release|Any CPU.Build.0 = Release|Any CPU
	EndGlobalSection
	GlobalSection(SolutionProperties) = preSolution
		HideSolutionNode = FALSE
	EndGlobalSection
	GlobalSection(ExtensibilityGlobals) = postSolution
		SolutionGuid = {2FC8183F-FD5E-436C-B2B8-45219A730D12}
	EndGlobalSection
EndGlobal
